github.com/coder/websocket v1.8.15 h1:6B2JPeOGlpff2Uz6vOEH1Vzpi0iUz20A+lPVhPHtNUA=
github.com/coder/websocket v1.8.15/go.mod h1:NX3SzP+inril6yawo5CQXx8+fk145lPDC6pumgx0mVg=
github.com/mmcdole/lunar v0.1.3 h1:eU4ODL71xIOku0a5RIqQKWjuKpiC1IqLFDZwls7VEWs=
github.com/mmcdole/lunar v0.1.3/go.mod h1:O/yHHeSilHCFq5vgB2V+heKEvs2j20gsdm+dfIWPoIs=
